
Microsoft Visual Studio Solution File, Format Version 12.00
# Visual Studio Version 16
VisualStudioVersion = 16.0.31112.23
MinimumVisualStudioVersion = 10.0.40219.1
Project("{FAE04EC0-301F-11D3-BF4B-00C04F79EFBC}") = "Conversor", "Conversor\Conversor.csproj", "{75948211-98E5-438F-8A32-1556ED5B3B4F}"
EndProject
Global
	GlobalSection(SolutionConfigurationPlatforms) = preSolution
		Debug|Any CPU = Debug|Any CPU
		Release|Any CPU = Release|Any CPU
	EndGlobalSection
	GlobalSection(ProjectConfigurationPlatforms) = postSolution
		{75948211-98E5-438F-8A32-1556ED5B3B4F}.Debug|Any CPU.ActiveCfg = Debug|Any CPU
		{75948211-98E5-438F-8A32-1556ED5B3B4F}.Debug|Any CPU.Build.0 = Debug|Any CPU
		{75948211-98E5-438F-8A32-1556ED5B3B4F}.Release|Any CPU.ActiveCfg = Release|Any CPU
		{75948211-98E5-438F-8A32-1556ED5B3B4F}.Release|Any CPU.Build.0 = Release|Any CPU
	EndGlobalSection
	GlobalSection(SolutionProperties) = preSolution
		HideSolutionNode = FALSE
	EndGlobalSection
	GlobalSection(ExtensibilityGlobals) = postSolution
		SolutionGuid = {FCB9E3DF-710B-4464-A9DB-16BE29E0A0B9}
	EndGlobalSection
EndGlobal
